<Solution>
  <Folder Name="/output/" />
  <Folder Name="/output/Jobs/" />
  <Folder Name="/output/Jobs/Settle_Proc_Daily_Agy/" />
  <Folder Name="/output/Jobs/Settle_Proc_Daily_Agy/src/">
    <Project Path="output/Jobs/Settle_Proc_Daily_Agy/src/SettleProcDaily.Batch/SettleProcDaily.Batch.csproj" />
    <Project Path="output/Jobs/Settle_Proc_Daily_Agy/src/SettleProcDaily.Tests/SettleProcDaily.Tests.csproj" />
  </Folder>
  <Folder Name="/output/Jobs/Settle_Proc_Daily_codex/" />
  <Folder Name="/output/Jobs/Settle_Proc_Daily_codex/src/" />
  <Folder Name="/src/">
    <Project Path="src/ReSet.Cli/ReSet.Cli.csproj" />
    <Project Path="src/ReSet.Core/ReSet.Core.csproj" />
    <Project Path="src/ReSet.Validator.Cli/ReSet.Validator.Cli.csproj" />
    <Project Path="src/ReSet.Validator.Core/ReSet.Validator.Core.csproj" />
  </Folder>
  <Folder Name="/tests/">
    <Project Path="tests/ReSet.Core.Tests/ReSet.Core.Tests.csproj" />
  </Folder>
</Solution>
